
Microsoft Visual Studio Solution File, Format Version 12.00
# Visual Studio Version 16
VisualStudioVersion = 16.0.29905.134
MinimumVisualStudioVersion = 10.0.40219.1
Project("{FAE04EC0-301F-11D3-BF4B-00C04F79EFBC}") = "Hackathon", "Hackathon\Hackathon.csproj", "{7B69B6BF-64B2-4E57-A099-063C64F35E1D}"
EndProject
Global
	GlobalSection(SolutionConfigurationPlatforms) = preSolution
		Debug|Any CPU = Debug|Any CPU
		Release|Any CPU = Release|Any CPU
	EndGlobalSection
	GlobalSection(ProjectConfigurationPlatforms) = postSolution
		{7B69B6BF-64B2-4E57-A099-063C64F35E1D}.Debug|Any CPU.ActiveCfg = Debug|Any CPU
		{7B69B6BF-64B2-4E57-A099-063C64F35E1D}.Debug|Any CPU.Build.0 = Debug|Any CPU
		{7B69B6BF-64B2-4E57-A099-063C64F35E1D}.Release|Any CPU.ActiveCfg = Release|Any CPU
		{7B69B6BF-64B2-4E57-A099-063C64F35E1D}.Release|Any CPU.Build.0 = Release|Any CPU
	EndGlobalSection
	GlobalSection(SolutionProperties) = preSolution
		HideSolutionNode = FALSE
	EndGlobalSection
	GlobalSection(ExtensibilityGlobals) = postSolution
		SolutionGuid = {E428FA9B-285E-4627-813D-C776D24B390D}
	EndGlobalSection
EndGlobal
